
Microsoft Visual Studio Solution File, Format Version 12.00
# Visual Studio Version 16
VisualStudioVersion = 16.0.30804.86
MinimumVisualStudioVersion = 10.0.40219.1
Project("{9A19103F-16F7-4668-BE54-9A1E7A4F7556}") = "RabbitMQ", "RabbitMQ\RabbitMQ.csproj", "{EDEDEC09-0CBD-4939-ADFC-5C5D47A4845B}"
EndProject
Project("{9A19103F-16F7-4668-BE54-9A1E7A4F7556}") = "RabbitMQ.Service", "RabbitMQ.Service\RabbitMQ.Service.csproj", "{6FFFEFB8-BB91-4985-AF04-A258A734627C}"
EndProject
Project("{9A19103F-16F7-4668-BE54-9A1E7A4F7556}") = "RabbitMQ.Common", "RabbitMQ.Common\RabbitMQ.Common.csproj", "{298ABDBD-8CAA-46C1-A150-0F362EAE544F}"
EndProject
Project("{FAE04EC0-301F-11D3-BF4B-00C04F79EFBC}") = "RabbitMQ.Framework", "RabbitMQ.Framework\RabbitMQ.Framework.csproj", "{14C1DCB9-C069-4715-910F-35C15879D834}"
EndProject
Global
	GlobalSection(SolutionConfigurationPlatforms) = preSolution
		Debug|Any CPU = Debug|Any CPU
		Release|Any CPU = Release|Any CPU
	EndGlobalSection
	GlobalSection(ProjectConfigurationPlatforms) = postSolution
		{EDEDEC09-0CBD-4939-ADFC-5C5D47A4845B}.Debug|Any CPU.ActiveCfg = Debug|Any CPU
		{EDEDEC09-0CBD-4939-ADFC-5C5D47A4845B}.Debug|Any CPU.Build.0 = Debug|Any CPU
		{EDEDEC09-0CBD-4939-ADFC-5C5D47A4845B}.Release|Any CPU.ActiveCfg = Release|Any CPU
		{EDEDEC09-0CBD-4939-ADFC-5C5D47A4845B}.Release|Any CPU.Build.0 = Release|Any CPU
		{6FFFEFB8-BB91-4985-AF04-A258A734627C}.Debug|Any CPU.ActiveCfg = Debug|Any CPU
		{6FFFEFB8-BB91-4985-AF04-A258A734627C}.Debug|Any CPU.Build.0 = Debug|Any CPU
		{6FFFEFB8-BB91-4985-AF04-A258A734627C}.Release|Any CPU.ActiveCfg = Release|Any CPU
		{6FFFEFB8-BB91-4985-AF04-A258A734627C}.Release|Any CPU.Build.0 = Release|Any CPU
		{298ABDBD-8CAA-46C1-A150-0F362EAE544F}.Debug|Any CPU.ActiveCfg = Debug|Any CPU
		{298ABDBD-8CAA-46C1-A150-0F362EAE544F}.Debug|Any CPU.Build.0 = Debug|Any CPU
		{298ABDBD-8CAA-46C1-A150-0F362EAE544F}.Release|Any CPU.ActiveCfg = Release|Any CPU
		{298ABDBD-8CAA-46C1-A150-0F362EAE544F}.Release|Any CPU.Build.0 = Release|Any CPU
		{14C1DCB9-C069-4715-910F-35C15879D834}.Debug|Any CPU.ActiveCfg = Debug|Any CPU
		{14C1DCB9-C069-4715-910F-35C15879D834}.Debug|Any CPU.Build.0 = Debug|Any CPU
		{14C1DCB9-C069-4715-910F-35C15879D834}.Release|Any CPU.ActiveCfg = Release|Any CPU
		{14C1DCB9-C069-4715-910F-35C15879D834}.Release|Any CPU.Build.0 = Release|Any CPU
	EndGlobalSection
	GlobalSection(SolutionProperties) = preSolution
		HideSolutionNode = FALSE
	EndGlobalSection
	GlobalSection(ExtensibilityGlobals) = postSolution
		SolutionGuid = {BF4E5336-8CED-41C3-A50F-10731332B657}
	EndGlobalSection
EndGlobal
